
Microsoft Visual Studio Solution File, Format Version 12.00
# Visual Studio Version 16
VisualStudioVersion = 16.0.29911.84
MinimumVisualStudioVersion = 10.0.40219.1
Project("{FAE04EC0-301F-11D3-BF4B-00C04F79EFBC}") = "Diagram_klas_liczby", "Diagram_klas_liczby\Diagram_klas_liczby.csproj", "{586E00B0-793A-454E-BA5F-7C8146163297}"
EndProject
Global
	GlobalSection(SolutionConfigurationPlatforms) = preSolution
		Debug|Any CPU = Debug|Any CPU
		Release|Any CPU = Release|Any CPU
	EndGlobalSection
	GlobalSection(ProjectConfigurationPlatforms) = postSolution
		{586E00B0-793A-454E-BA5F-7C8146163297}.Debug|Any CPU.ActiveCfg = Debug|Any CPU
		{586E00B0-793A-454E-BA5F-7C8146163297}.Debug|Any CPU.Build.0 = Debug|Any CPU
		{586E00B0-793A-454E-BA5F-7C8146163297}.Release|Any CPU.ActiveCfg = Release|Any CPU
		{586E00B0-793A-454E-BA5F-7C8146163297}.Release|Any CPU.Build.0 = Release|Any CPU
	EndGlobalSection
	GlobalSection(SolutionProperties) = preSolution
		HideSolutionNode = FALSE
	EndGlobalSection
	GlobalSection(ExtensibilityGlobals) = postSolution
		SolutionGuid = {4F3EABC3-1393-4650-B641-9168783645F0}
	EndGlobalSection
EndGlobal
